
Microsoft Visual Studio Solution File, Format Version 12.00
# Visual Studio Version 16
VisualStudioVersion = 16.0.31019.35
MinimumVisualStudioVersion = 10.0.40219.1
Project("{EDF4A0BA-7778-475F-BB64-9CF689E330D3}") = "WillysFishingWorkshops", "WillysFishingWorkshops\WillysFishingWorkshops.csproj", "{406029F9-0B20-4B00-B418-3D9D7DA99B8C}"
EndProject
Global
	GlobalSection(SolutionConfigurationPlatforms) = preSolution
		Debug|Any CPU = Debug|Any CPU
		Release|Any CPU = Release|Any CPU
	EndGlobalSection
	GlobalSection(ProjectConfigurationPlatforms) = postSolution
		{406029F9-0B20-4B00-B418-3D9D7DA99B8C}.Debug|Any CPU.ActiveCfg = Debug|Any CPU
		{406029F9-0B20-4B00-B418-3D9D7DA99B8C}.Debug|Any CPU.Build.0 = Debug|Any CPU
		{406029F9-0B20-4B00-B418-3D9D7DA99B8C}.Release|Any CPU.ActiveCfg = Release|Any CPU
		{406029F9-0B20-4B00-B418-3D9D7DA99B8C}.Release|Any CPU.Build.0 = Release|Any CPU
	EndGlobalSection
	GlobalSection(SolutionProperties) = preSolution
		HideSolutionNode = FALSE
	EndGlobalSection
	GlobalSection(ExtensibilityGlobals) = postSolution
		SolutionGuid = {3C9D60AA-CCF7-424A-B0FD-2A612631FECD}
	EndGlobalSection
EndGlobal